// !$*UTF8*$!
{
	archiveVersion = 1;
	classes = {
	};
	objectVersion = 46;
	objects = {

/* Begin PBXBuildFile section */
		EE68F1661CBF96C200174491 /* AppDelegate.swift in Sources */ = {isa = PBXBuildFile; fileRef = EE68F1651CBF96C200174491 /* AppDelegate.swift */; };
		EE68F1681CBF96C200174491 /* ViewController.swift in Sources */ = {isa = PBXBuildFile; fileRef = EE68F1671CBF96C200174491 /* ViewController.swift */; };
		EE68F16B1CBF96C200174491 /* Main.storyboard in Resources */ = {isa = PBXBuildFile; fileRef = EE68F1691CBF96C200174491 /* Main.storyboard */; };
		EE68F16E1CBF96C200174491 /* CoreDataExample.xcdatamodeld in Sources */ = {isa = PBXBuildFile; fileRef = EE68F16C1CBF96C200174491 /* CoreDataExample.xcdatamodeld */; };
		EE68F1701CBF96C200174491 /* Assets.xcassets in Resources */ = {isa = PBXBuildFile; fileRef = EE68F16F1CBF96C200174491 /* Assets.xcassets */; };
		EE68F1731CBF96C200174491 /* LaunchScreen.storyboard in Resources */ = {isa = PBXBuildFile; fileRef = EE68F1711CBF96C200174491 /* LaunchScreen.storyboard */; };
/* End PBXBuildFile section */

/* Begin PBXFileReference section */
		EE68F1621CBF96C200174491 /* CoreDataExample.app */ = {isa = PBXFileReference; explicitFileType = wrapper.application; includeInIndex = 0; path = CoreDataExample.app; sourceTree = BUILT_PRODUCTS_DIR; };
		EE68F1651CBF96C200174491 /* AppDelegate.swift */ = {isa = PBXFileReference; lastKnownFileType = sourcecode.swift; path = AppDelegate.swift; sourceTree = "<group>"; };
		EE68F1671CBF96C200174491 /* ViewController.swift */ = {isa = PBXFileReference; lastKnownFileType = sourcecode.swift; path = ViewController.swift; sourceTree = "<group>"; };
		EE68F16A1CBF96C200174491 /* Base */ = {isa = PBXFileReference; lastKnownFileType = file.storyboard; name = Base; path = Base.lproj/Main.storyboard; sourceTree = "<group>"; };
		EE68F16D1CBF96C200174491 /* CoreDataExample.xcdatamodel */ = {isa = PBXFileReference; lastKnownFileType = wrapper.xcdatamodel; path = CoreDataExample.xcdatamodel; sourceTree = "<group>"; };
		EE68F16F1CBF96C200174491 /* Assets.xcassets */ = {isa = PBXFileReference; lastKnownFileType = folder.assetcatalog; path = Assets.xcassets; sourceTree = "<group>"; };
		EE68F1721CBF96C200174491 /* Base */ = {isa = PBXFileReference; lastKnownFileType = file.storyboard; name = Base; path = Base.lproj/LaunchScreen.storyboard; sourceTree = "<group>"; };
		EE68F1741CBF96C200174491 /* Info.plist */ = {isa = PBXFileReference; lastKnownFileType = text.plist.xml; path = Info.plist; sourceTree = "<group>"; };
/* End PBXFileReference section */

/* Begin PBXFrameworksBuildPhase section */
		EE68F15F1CBF96C200174491 /* Frameworks */ = {
			isa = PBXFrameworksBuildPhase;
			buildActionMask = 2147483647;
			files = (
			);
			runOnlyForDeploymentPostprocessing = 0;
		};
/* End PBXFrameworksBuildPhase section */

/* Begin PBXGroup section */
		EE68F1591CBF96C200174491 = {
			isa = PBXGroup;
			children = (
				EE68F1641CBF96C200174491 /* CoreDataExample */,
				EE68F1631CBF96C200174491 /* Products */,
			);
			sourceTree = "<group>";
		};
		EE68F1631CBF96C200174491 /* Products */ = {
			isa = PBXGroup;
			children = (
				EE68F1621CBF96C200174491 /* CoreDataExample.app */,
			);
			name = Products;
			sourceTree = "<group>";
		};
		EE68F1641CBF96C200174491 /* CoreDataExample */ = {
			isa = PBXGroup;
			children = (
				EE68F1651CBF96C200174491 /* AppDelegate.swift */,
				EE68F1671CBF96C200174491 /* ViewController.swift */,
				EE68F1691CBF96C200174491 /* Main.storyboard */,
				EE68F16F1CBF96C200174491 /* Assets.xcassets */,
				EE68F1711CBF96C200174491 /* LaunchScreen.storyboard */,
				EE68F1741CBF96C200174491 /* Info.plist */,
				EE68F16C1CBF96C200174491 /* CoreDataExample.xcdatamodeld */,
			);
			path = CoreDataExample;
			sourceTree = "<group>";
		};
/* End PBXGroup section */

/* Begin PBXNativeTarget section */
		EE68F1611CBF96C200174491 /* CoreDataExample */ = {
			isa = PBXNativeTarget;
			buildConfigurationList = EE68F1771CBF96C200174491 /* Build configuration list for PBXNativeTarget "CoreDataExample" */;
			buildPhases = (
				EE68F15E1CBF96C200174491 /* Sources */,
				EE68F15F1CBF96C200174491 /* Frameworks */,
				EE68F1601CBF96C200174491 /* Resources */,
			);
			buildRules = (
			);
			dependencies = (
			);
			name = CoreDataExample;
			productName = CoreDataExample;
			productReference = EE68F1621CBF96C200174491 /* CoreDataExample.app */;
			productType = "com.apple.product-type.application";
		};
/* End PBXNativeTarget section */

/* Begin PBXProject section */
		EE68F15A1CBF96C200174491 /* Project object */ = {
			isa = PBXProject;
			attributes = {
				LastSwiftUpdateCheck = 0730;
				LastUpgradeCheck = 0730;
				ORGANIZATIONNAME = lwinged;
				TargetAttributes = {
					EE68F1611CBF96C200174491 = {
						CreatedOnToolsVersion = 7.3;
					};
				};
			};
			buildConfigurationList = EE68F15D1CBF96C200174491 /* Build configuration list for PBXProject "CoreDataExample" */;
			compatibilityVersion = "Xcode 3.2";
			developmentRegion = English;
			hasScannedForEncodings = 0;
			knownRegions = (
				en,
				Base,
			);
			mainGroup = EE68F1591CBF96C200174491;
			productRefGroup = EE68F1631CBF96C200174491 /* Products */;
			projectDirPath = "";
			projectRoot = "";
			targets = (
				EE68F1611CBF96C200174491 /* CoreDataExample */,
			);
		};
/* End PBXProject section */

/* Begin PBXResourcesBuildPhase section */
		EE68F1601CBF96C200174491 /* Resources */ = {
			isa = PBXResourcesBuildPhase;
			buildActionMask = 2147483647;
			files = (
				EE68F1731CBF96C200174491 /* LaunchScreen.storyboard in Resources */,
				EE68F1701CBF96C200174491 /* Assets.xcassets in Resources */,
				EE68F16B1CBF96C200174491 /* Main.storyboard in Resources */,
			);
			runOnlyForDeploymentPostprocessing = 0;
		};
/* End PBXResourcesBuildPhase section */

/* Begin PBXSourcesBuildPhase section */
		EE68F15E1CBF96C200174491 /* Sources */ = {
			isa = PBXSourcesBuildPhase;
			buildActionMask = 2147483647;
			files = (
				EE68F1681CBF96C200174491 /* ViewController.swift in Sources */,
				EE68F1661CBF96C200174491 /* AppDelegate.swift in Sources */,
				EE68F16E1CBF96C200174491 /* CoreDataExample.xcdatamodeld in Sources */,
			);
			runOnlyForDeploymentPostprocessing = 0;
		};
/* End PBXSourcesBuildPhase section */

/* Begin PBXVariantGroup section */
		EE68F1691CBF96C200174491 /* Main.storyboard */ = {
			isa = PBXVariantGroup;
			children = (
				EE68F16A1CBF96C200174491 /* Base */,
			);
			name = Main.storyboard;
			sourceTree = "<group>";
		};
		EE68F1711CBF96C200174491 /* LaunchScreen.storyboard */ = {
			isa = PBXVariantGroup;
			children = (
				EE68F1721CBF96C200174491 /* Base */,
			);
			name = LaunchScreen.storyboard;
			sourceTree = "<group>";
		};
/* End PBXVariantGroup section */

/* Begin XCBuildConfiguration section */
		EE68F1751CBF96C200174491 /* Debug */ = {
			isa = XCBuildConfiguration;
			buildSettings = {
				ALWAYS_SEARCH_USER_PATHS = NO;
				CLANG_ANALYZER_NONNULL = YES;
				CLANG_CXX_LANGUAGE_STANDARD = "gnu++0x";
				CLANG_CXX_LIBRARY = "libc++";
				CLANG_ENABLE_MODULES = YES;
				CLANG_ENABLE_OBJC_ARC = YES;
				CLANG_WARN_BOOL_CONVERSION = YES;
				CLANG_WARN_CONSTANT_CONVERSION = YES;
				CLANG_WARN_DIRECT_OBJC_ISA_USAGE = YES_ERROR;
				CLANG_WARN_EMPTY_BODY = YES;
				CLANG_WARN_ENUM_CONVERSION = YES;
				CLANG_WARN_INT_CONVERSION = YES;
				CLANG_WARN_OBJC_ROOT_CLASS = YES_ERROR;
				CLANG_WARN_UNREACHABLE_CODE = YES;
				CLANG_WARN__DUPLICATE_METHOD_MATCH = YES;
				"CODE_SIGN_IDENTITY[sdk=iphoneos*]" = "iPhone Developer";
				COPY_PHASE_STRIP = NO;
				DEBUG_INFORMATION_FORMAT = dwarf;
				ENABLE_STRICT_OBJC_MSGSEND = YES;
				ENABLE_TESTABILITY = YES;
				GCC_C_LANGUAGE_STANDARD = gnu99;
				GCC_DYNAMIC_NO_PIC = NO;
				GCC_NO_COMMON_BLOCKS = YES;
				GCC_OPTIMIZATION_LEVEL = 0;
				GCC_PREPROCESSOR_DEFINITIONS = (
					"DEBUG=1",
					"$(inherited)",
				);
				GCC_WARN_64_TO_32_BIT_CONVERSION = YES;
				GCC_WARN_ABOUT_RETURN_TYPE = YES_ERROR;
				GCC_WARN_UNDECLARED_SELECTOR = YES;
				GCC_WARN_UNINITIALIZED_AUTOS = YES_AGGRESSIVE;
				GCC_WARN_UNUSED_FUNCTION = YES;
				GCC_WARN_UNUSED_VARIABLE = YES;
				IPHONEOS_DEPLOYMENT_TARGET = 9.3;
				MTL_ENABLE_DEBUG_INFO = YES;
				ONLY_ACTIVE_ARCH = YES;
				SDKROOT = iphoneos;
				SWIFT_OPTIMIZATION_LEVEL = "-Onone";
			};
			name = Debug;
		};
		EE68F1761CBF96C200174491 /* Release */ = {
			isa = XCBuildConfiguration;
			buildSettings = {
				ALWAYS_SEARCH_USER_PATHS = NO;
				CLANG_ANALYZER_NONNULL = YES;
				CLANG_CXX_LANGUAGE_STANDARD = "gnu++0x";
				CLANG_CXX_LIBRARY = "libc++";
				CLANG_ENABLE_MODULES = YES;
				CLANG_ENABLE_OBJC_ARC = YES;
				CLANG_WARN_BOOL_CONVERSION = YES;
				CLANG_WARN_CONSTANT_CONVERSION = YES;
				CLANG_WARN_DIRECT_OBJC_ISA_USAGE = YES_ERROR;
				CLANG_WARN_EMPTY_BODY = YES;
				CLANG_WARN_ENUM_CONVERSION = YES;
				CLANG_WARN_INT_CONVERSION = YES;
				CLANG_WARN_OBJC_ROOT_CLASS = YES_ERROR;
				CLANG_WARN_UNREACHABLE_CODE = YES;
				CLANG_WARN__DUPLICATE_METHOD_MATCH = YES;
				"CODE_SIGN_IDENTITY[sdk=iphoneos*]" = "iPhone Developer";
				COPY_PHASE_STRIP = NO;
				DEBUG_INFORMATION_FORMAT = "dwarf-with-dsym";
				ENABLE_NS_ASSERTIONS = NO;
				ENABLE_STRICT_OBJC_MSGSEND = YES;
				GCC_C_LANGUAGE_STANDARD = gnu99;
				GCC_NO_COMMON_BLOCKS = YES;
				GCC_WARN_64_TO_32_BIT_CONVERSION = YES;
				GCC_WARN_ABOUT_RETURN_TYPE = YES_ERROR;
				GCC_WARN_UNDECLARED_SELECTOR = YES;
				GCC_WARN_UNINITIALIZED_AUTOS = YES_AGGRESSIVE;
				GCC_WARN_UNUSED_FUNCTION = YES;
				GCC_WARN_UNUSED_VARIABLE = YES;
				IPHONEOS_DEPLOYMENT_TARGET = 9.3;
				MTL_ENABLE_DEBUG_INFO = NO;
				SDKROOT = iphoneos;
				VALIDATE_PRODUCT = YES;
			};
			name = Release;
		};
		EE68F1781CBF96C200174491 /* Debug */ = {
			isa = XCBuildConfiguration;
			buildSettings = {
				ASSETCATALOG_COMPILER_APPICON_NAME = AppIcon;
				INFOPLIST_FILE = CoreDataExample/Info.plist;
				LD_RUNPATH_SEARCH_PATHS = "$(inherited) @executable_path/Frameworks";
				PRODUCT_BUNDLE_IDENTIFIER = lwinged.CoreDataExample;
				PRODUCT_NAME = "$(TARGET_NAME)";
			};
			name = Debug;
		};
		EE68F1791CBF96C200174491 /* Release */ = {
			isa = XCBuildConfiguration;
			buildSettings = {
				ASSETCATALOG_COMPILER_APPICON_NAME = AppIcon;
				INFOPLIST_FILE = CoreDataExample/Info.plist;
				LD_RUNPATH_SEARCH_PATHS = "$(inherited) @executable_path/Frameworks";
				PRODUCT_BUNDLE_IDENTIFIER = lwinged.CoreDataExample;
				PRODUCT_NAME = "$(TARGET_NAME)";
			};
			name = Release;
		};
/* End XCBuildConfiguration section */

/* Begin XCConfigurationList section */
		EE68F15D1CBF96C200174491 /* Build configuration list for PBXProject "CoreDataExample" */ = {
			isa = XCConfigurationList;
			buildConfigurations = (
				EE68F1751CBF96C200174491 /* Debug */,
				EE68F1761CBF96C200174491 /* Release */,
			);
			defaultConfigurationIsVisible = 0;
			defaultConfigurationName = Release;
		};
		EE68F1771CBF96C200174491 /* Build configuration list for PBXNativeTarget "CoreDataExample" */ = {
			isa = XCConfigurationList;
			buildConfigurations = (
				EE68F1781CBF96C200174491 /* Debug */,
				EE68F1791CBF96C200174491 /* Release */,
			);
			defaultConfigurationIsVisible = 0;
		};
/* End XCConfigurationList section */

/* Begin XCVersionGroup section */
		EE68F16C1CBF96C200174491 /* CoreDataExample.xcdatamodeld */ = {
			isa = XCVersionGroup;
			children = (
				EE68F16D1CBF96C200174491 /* CoreDataExample.xcdatamodel */,
			);
			currentVersion = EE68F16D1CBF96C200174491 /* CoreDataExample.xcdatamodel */;
			path = CoreDataExample.xcdatamodeld;
			sourceTree = "<group>";
			versionGroupType = wrapper.xcdatamodel;
		};
/* End XCVersionGroup section */
	};
	rootObject = EE68F15A1CBF96C200174491 /* Project object */;
}
